// !$*UTF8*$!
{
	archiveVersion = 1;
	classes = {
	};
	objectVersion = 56;
	objects = {

/* Begin PBXBuildFile section */
		72B3B01329A0905F00B7FE38 /* AppDelegate.swift in Sources */ = {isa = PBXBuildFile; fileRef = 72B3B01229A0905F00B7FE38 /* AppDelegate.swift */; };
		72B3B01529A0905F00B7FE38 /* SceneDelegate.swift in Sources */ = {isa = PBXBuildFile; fileRef = 72B3B01429A0905F00B7FE38 /* SceneDelegate.swift */; };
		72B3B01729A0905F00B7FE38 /* ViewController.swift in Sources */ = {isa = PBXBuildFile; fileRef = 72B3B01629A0905F00B7FE38 /* ViewController.swift */; };
		72B3B01A29A0905F00B7FE38 /* Main.storyboard in Resources */ = {isa = PBXBuildFile; fileRef = 72B3B01829A0905F00B7FE38 /* Main.storyboard */; };
		72B3B01C29A0906100B7FE38 /* Assets.xcassets in Resources */ = {isa = PBXBuildFile; fileRef = 72B3B01B29A0906100B7FE38 /* Assets.xcassets */; };
		72B3B01F29A0906100B7FE38 /* LaunchScreen.storyboard in Resources */ = {isa = PBXBuildFile; fileRef = 72B3B01D29A0906100B7FE38 /* LaunchScreen.storyboard */; };
		72B3B02A29A0906100B7FE38 /* ServicesTests.swift in Sources */ = {isa = PBXBuildFile; fileRef = 72B3B02929A0906100B7FE38 /* ServicesTests.swift */; };
		72B3B03429A0906200B7FE38 /* ServicesUITests.swift in Sources */ = {isa = PBXBuildFile; fileRef = 72B3B03329A0906200B7FE38 /* ServicesUITests.swift */; };
		72B3B03629A0906200B7FE38 /* ServicesUITestsLaunchTests.swift in Sources */ = {isa = PBXBuildFile; fileRef = 72B3B03529A0906200B7FE38 /* ServicesUITestsLaunchTests.swift */; };
		72B3B04329A091C000B7FE38 /* Model.swift in Sources */ = {isa = PBXBuildFile; fileRef = 72B3B04229A091C000B7FE38 /* Model.swift */; };
		72B3B04729A095B600B7FE38 /* ServiceTableViewCell.swift in Sources */ = {isa = PBXBuildFile; fileRef = 72B3B04529A095B600B7FE38 /* ServiceTableViewCell.swift */; };
		72B3B04829A095B600B7FE38 /* ServiceTableViewCell.xib in Resources */ = {isa = PBXBuildFile; fileRef = 72B3B04629A095B600B7FE38 /* ServiceTableViewCell.xib */; };
		72B3B04A29A0975300B7FE38 /* DetailsViewController.swift in Sources */ = {isa = PBXBuildFile; fileRef = 72B3B04929A0975300B7FE38 /* DetailsViewController.swift */; };
		72B3B04D29A0994200B7FE38 /* SDWebImage in Frameworks */ = {isa = PBXBuildFile; productRef = 72B3B04C29A0994200B7FE38 /* SDWebImage */; };
/* End PBXBuildFile section */

/* Begin PBXContainerItemProxy section */
		72B3B02629A0906100B7FE38 /* PBXContainerItemProxy */ = {
			isa = PBXContainerItemProxy;
			containerPortal = 72B3B00729A0905F00B7FE38 /* Project object */;
			proxyType = 1;
			remoteGlobalIDString = 72B3B00E29A0905F00B7FE38;
			remoteInfo = Services;
		};
		72B3B03029A0906200B7FE38 /* PBXContainerItemProxy */ = {
			isa = PBXContainerItemProxy;
			containerPortal = 72B3B00729A0905F00B7FE38 /* Project object */;
			proxyType = 1;
			remoteGlobalIDString = 72B3B00E29A0905F00B7FE38;
			remoteInfo = Services;
		};
/* End PBXContainerItemProxy section */

/* Begin PBXFileReference section */
		72B3B00F29A0905F00B7FE38 /* Services.app */ = {isa = PBXFileReference; explicitFileType = wrapper.application; includeInIndex = 0; path = Services.app; sourceTree = BUILT_PRODUCTS_DIR; };
		72B3B01229A0905F00B7FE38 /* AppDelegate.swift */ = {isa = PBXFileReference; lastKnownFileType = sourcecode.swift; path = AppDelegate.swift; sourceTree = "<group>"; };
		72B3B01429A0905F00B7FE38 /* SceneDelegate.swift */ = {isa = PBXFileReference; lastKnownFileType = sourcecode.swift; path = SceneDelegate.swift; sourceTree = "<group>"; };
		72B3B01629A0905F00B7FE38 /* ViewController.swift */ = {isa = PBXFileReference; lastKnownFileType = sourcecode.swift; path = ViewController.swift; sourceTree = "<group>"; };
		72B3B01929A0905F00B7FE38 /* Base */ = {isa = PBXFileReference; lastKnownFileType = file.storyboard; name = Base; path = Base.lproj/Main.storyboard; sourceTree = "<group>"; };
		72B3B01B29A0906100B7FE38 /* Assets.xcassets */ = {isa = PBXFileReference; lastKnownFileType = folder.assetcatalog; path = Assets.xcassets; sourceTree = "<group>"; };
		72B3B01E29A0906100B7FE38 /* Base */ = {isa = PBXFileReference; lastKnownFileType = file.storyboard; name = Base; path = Base.lproj/LaunchScreen.storyboard; sourceTree = "<group>"; };
		72B3B02029A0906100B7FE38 /* Info.plist */ = {isa = PBXFileReference; lastKnownFileType = text.plist.xml; path = Info.plist; sourceTree = "<group>"; };
		72B3B02529A0906100B7FE38 /* ServicesTests.xctest */ = {isa = PBXFileReference; explicitFileType = wrapper.cfbundle; includeInIndex = 0; path = ServicesTests.xctest; sourceTree = BUILT_PRODUCTS_DIR; };
		72B3B02929A0906100B7FE38 /* ServicesTests.swift */ = {isa = PBXFileReference; lastKnownFileType = sourcecode.swift; path = ServicesTests.swift; sourceTree = "<group>"; };
		72B3B02F29A0906200B7FE38 /* ServicesUITests.xctest */ = {isa = PBXFileReference; explicitFileType = wrapper.cfbundle; includeInIndex = 0; path = ServicesUITests.xctest; sourceTree = BUILT_PRODUCTS_DIR; };
		72B3B03329A0906200B7FE38 /* ServicesUITests.swift */ = {isa = PBXFileReference; lastKnownFileType = sourcecode.swift; path = ServicesUITests.swift; sourceTree = "<group>"; };
		72B3B03529A0906200B7FE38 /* ServicesUITestsLaunchTests.swift */ = {isa = PBXFileReference; lastKnownFileType = sourcecode.swift; path = ServicesUITestsLaunchTests.swift; sourceTree = "<group>"; };
		72B3B04229A091C000B7FE38 /* Model.swift */ = {isa = PBXFileReference; lastKnownFileType = sourcecode.swift; path = Model.swift; sourceTree = "<group>"; };
		72B3B04529A095B600B7FE38 /* ServiceTableViewCell.swift */ = {isa = PBXFileReference; lastKnownFileType = sourcecode.swift; path = ServiceTableViewCell.swift; sourceTree = "<group>"; };
		72B3B04629A095B600B7FE38 /* ServiceTableViewCell.xib */ = {isa = PBXFileReference; lastKnownFileType = file.xib; path = ServiceTableViewCell.xib; sourceTree = "<group>"; };
		72B3B04929A0975300B7FE38 /* DetailsViewController.swift */ = {isa = PBXFileReference; lastKnownFileType = sourcecode.swift; path = DetailsViewController.swift; sourceTree = "<group>"; };
/* End PBXFileReference section */

/* Begin PBXFrameworksBuildPhase section */
		72B3B00C29A0905F00B7FE38 /* Frameworks */ = {
			isa = PBXFrameworksBuildPhase;
			buildActionMask = 2147483647;
			files = (
				72B3B04D29A0994200B7FE38 /* SDWebImage in Frameworks */,
			);
			runOnlyForDeploymentPostprocessing = 0;
		};
		72B3B02229A0906100B7FE38 /* Frameworks */ = {
			isa = PBXFrameworksBuildPhase;
			buildActionMask = 2147483647;
			files = (
			);
			runOnlyForDeploymentPostprocessing = 0;
		};
		72B3B02C29A0906200B7FE38 /* Frameworks */ = {
			isa = PBXFrameworksBuildPhase;
			buildActionMask = 2147483647;
			files = (
			);
			runOnlyForDeploymentPostprocessing = 0;
		};
/* End PBXFrameworksBuildPhase section */

/* Begin PBXGroup section */
		72B3B00629A0905F00B7FE38 = {
			isa = PBXGroup;
			children = (
				72B3B01129A0905F00B7FE38 /* Services */,
				72B3B02829A0906100B7FE38 /* ServicesTests */,
				72B3B03229A0906200B7FE38 /* ServicesUITests */,
				72B3B01029A0905F00B7FE38 /* Products */,
			);
			sourceTree = "<group>";
		};
		72B3B01029A0905F00B7FE38 /* Products */ = {
			isa = PBXGroup;
			children = (
				72B3B00F29A0905F00B7FE38 /* Services.app */,
				72B3B02529A0906100B7FE38 /* ServicesTests.xctest */,
				72B3B02F29A0906200B7FE38 /* ServicesUITests.xctest */,
			);
			name = Products;
			sourceTree = "<group>";
		};
		72B3B01129A0905F00B7FE38 /* Services */ = {
			isa = PBXGroup;
			children = (
				72E34AF429A35FE9004FEF0F /* Application */,
				72E34AF629A36031004FEF0F /* Model */,
				72E34AF929A36492004FEF0F /* View */,
				72E34AFA29A364AB004FEF0F /* Controller */,
				72E34AF529A36010004FEF0F /* Resources */,
			);
			path = Services;
			sourceTree = "<group>";
		};
		72B3B02829A0906100B7FE38 /* ServicesTests */ = {
			isa = PBXGroup;
			children = (
				72B3B02929A0906100B7FE38 /* ServicesTests.swift */,
			);
			path = ServicesTests;
			sourceTree = "<group>";
		};
		72B3B03229A0906200B7FE38 /* ServicesUITests */ = {
			isa = PBXGroup;
			children = (
				72B3B03329A0906200B7FE38 /* ServicesUITests.swift */,
				72B3B03529A0906200B7FE38 /* ServicesUITestsLaunchTests.swift */,
			);
			path = ServicesUITests;
			sourceTree = "<group>";
		};
		72B3B04429A0959D00B7FE38 /* Slide */ = {
			isa = PBXGroup;
			children = (
				72B3B04529A095B600B7FE38 /* ServiceTableViewCell.swift */,
				72B3B04629A095B600B7FE38 /* ServiceTableViewCell.xib */,
			);
			path = Slide;
			sourceTree = "<group>";
		};
		72E34AF429A35FE9004FEF0F /* Application */ = {
			isa = PBXGroup;
			children = (
				72B3B01229A0905F00B7FE38 /* AppDelegate.swift */,
				72B3B01429A0905F00B7FE38 /* SceneDelegate.swift */,
			);
			path = Application;
			sourceTree = "<group>";
		};
		72E34AF529A36010004FEF0F /* Resources */ = {
			isa = PBXGroup;
			children = (
				72B3B01D29A0906100B7FE38 /* LaunchScreen.storyboard */,
				72B3B01B29A0906100B7FE38 /* Assets.xcassets */,
				72B3B02029A0906100B7FE38 /* Info.plist */,
			);
			path = Resources;
			sourceTree = "<group>";
		};
		72E34AF629A36031004FEF0F /* Model */ = {
			isa = PBXGroup;
			children = (
				72B3B04229A091C000B7FE38 /* Model.swift */,
			);
			path = Model;
			sourceTree = "<group>";
		};
		72E34AF929A36492004FEF0F /* View */ = {
			isa = PBXGroup;
			children = (
				72B3B04429A0959D00B7FE38 /* Slide */,
				72B3B01829A0905F00B7FE38 /* Main.storyboard */,
			);
			path = View;
			sourceTree = "<group>";
		};
		72E34AFA29A364AB004FEF0F /* Controller */ = {
			isa = PBXGroup;
			children = (
				72B3B04929A0975300B7FE38 /* DetailsViewController.swift */,
				72B3B01629A0905F00B7FE38 /* ViewController.swift */,
			);
			path = Controller;
			sourceTree = "<group>";
		};
/* End PBXGroup section */

/* Begin PBXNativeTarget section */
		72B3B00E29A0905F00B7FE38 /* Services */ = {
			isa = PBXNativeTarget;
			buildConfigurationList = 72B3B03929A0906200B7FE38 /* Build configuration list for PBXNativeTarget "Services" */;
			buildPhases = (
				72B3B00B29A0905F00B7FE38 /* Sources */,
				72B3B00C29A0905F00B7FE38 /* Frameworks */,
				72B3B00D29A0905F00B7FE38 /* Resources */,
			);
			buildRules = (
			);
			dependencies = (
			);
			name = Services;
			packageProductDependencies = (
				72B3B04C29A0994200B7FE38 /* SDWebImage */,
			);
			productName = Services;
			productReference = 72B3B00F29A0905F00B7FE38 /* Services.app */;
			productType = "com.apple.product-type.application";
		};
		72B3B02429A0906100B7FE38 /* ServicesTests */ = {
			isa = PBXNativeTarget;
			buildConfigurationList = 72B3B03C29A0906200B7FE38 /* Build configuration list for PBXNativeTarget "ServicesTests" */;
			buildPhases = (
				72B3B02129A0906100B7FE38 /* Sources */,
				72B3B02229A0906100B7FE38 /* Frameworks */,
				72B3B02329A0906100B7FE38 /* Resources */,
			);
			buildRules = (
			);
			dependencies = (
				72B3B02729A0906100B7FE38 /* PBXTargetDependency */,
			);
			name = ServicesTests;
			productName = ServicesTests;
			productReference = 72B3B02529A0906100B7FE38 /* ServicesTests.xctest */;
			productType = "com.apple.product-type.bundle.unit-test";
		};
		72B3B02E29A0906200B7FE38 /* ServicesUITests */ = {
			isa = PBXNativeTarget;
			buildConfigurationList = 72B3B03F29A0906200B7FE38 /* Build configuration list for PBXNativeTarget "ServicesUITests" */;
			buildPhases = (
				72B3B02B29A0906200B7FE38 /* Sources */,
				72B3B02C29A0906200B7FE38 /* Frameworks */,
				72B3B02D29A0906200B7FE38 /* Resources */,
			);
			buildRules = (
			);
			dependencies = (
				72B3B03129A0906200B7FE38 /* PBXTargetDependency */,
			);
			name = ServicesUITests;
			productName = ServicesUITests;
			productReference = 72B3B02F29A0906200B7FE38 /* ServicesUITests.xctest */;
			productType = "com.apple.product-type.bundle.ui-testing";
		};
/* End PBXNativeTarget section */

/* Begin PBXProject section */
		72B3B00729A0905F00B7FE38 /* Project object */ = {
			isa = PBXProject;
			attributes = {
				BuildIndependentTargetsInParallel = 1;
				LastSwiftUpdateCheck = 1420;
				LastUpgradeCheck = 1420;
				TargetAttributes = {
					72B3B00E29A0905F00B7FE38 = {
						CreatedOnToolsVersion = 14.2;
					};
					72B3B02429A0906100B7FE38 = {
						CreatedOnToolsVersion = 14.2;
						TestTargetID = 72B3B00E29A0905F00B7FE38;
					};
					72B3B02E29A0906200B7FE38 = {
						CreatedOnToolsVersion = 14.2;
						TestTargetID = 72B3B00E29A0905F00B7FE38;
					};
				};
			};
			buildConfigurationList = 72B3B00A29A0905F00B7FE38 /* Build configuration list for PBXProject "Services" */;
			compatibilityVersion = "Xcode 14.0";
			developmentRegion = en;
			hasScannedForEncodings = 0;
			knownRegions = (
				en,
				Base,
			);
			mainGroup = 72B3B00629A0905F00B7FE38;
			packageReferences = (
				72B3B04B29A0994200B7FE38 /* XCRemoteSwiftPackageReference "SDWebImage" */,
			);
			productRefGroup = 72B3B01029A0905F00B7FE38 /* Products */;
			projectDirPath = "";
			projectRoot = "";
			targets = (
				72B3B00E29A0905F00B7FE38 /* Services */,
				72B3B02429A0906100B7FE38 /* ServicesTests */,
				72B3B02E29A0906200B7FE38 /* ServicesUITests */,
			);
		};
/* End PBXProject section */

/* Begin PBXResourcesBuildPhase section */
		72B3B00D29A0905F00B7FE38 /* Resources */ = {
			isa = PBXResourcesBuildPhase;
			buildActionMask = 2147483647;
			files = (
				72B3B01F29A0906100B7FE38 /* LaunchScreen.storyboard in Resources */,
				72B3B04829A095B600B7FE38 /* ServiceTableViewCell.xib in Resources */,
				72B3B01C29A0906100B7FE38 /* Assets.xcassets in Resources */,
				72B3B01A29A0905F00B7FE38 /* Main.storyboard in Resources */,
			);
			runOnlyForDeploymentPostprocessing = 0;
		};
		72B3B02329A0906100B7FE38 /* Resources */ = {
			isa = PBXResourcesBuildPhase;
			buildActionMask = 2147483647;
			files = (
			);
			runOnlyForDeploymentPostprocessing = 0;
		};
		72B3B02D29A0906200B7FE38 /* Resources */ = {
			isa = PBXResourcesBuildPhase;
			buildActionMask = 2147483647;
			files = (
			);
			runOnlyForDeploymentPostprocessing = 0;
		};
/* End PBXResourcesBuildPhase section */

/* Begin PBXSourcesBuildPhase section */
		72B3B00B29A0905F00B7FE38 /* Sources */ = {
			isa = PBXSourcesBuildPhase;
			buildActionMask = 2147483647;
			files = (
				72B3B01729A0905F00B7FE38 /* ViewController.swift in Sources */,
				72B3B01329A0905F00B7FE38 /* AppDelegate.swift in Sources */,
				72B3B04729A095B600B7FE38 /* ServiceTableViewCell.swift in Sources */,
				72B3B01529A0905F00B7FE38 /* SceneDelegate.swift in Sources */,
				72B3B04329A091C000B7FE38 /* Model.swift in Sources */,
				72B3B04A29A0975300B7FE38 /* DetailsViewController.swift in Sources */,
			);
			runOnlyForDeploymentPostprocessing = 0;
		};
		72B3B02129A0906100B7FE38 /* Sources */ = {
			isa = PBXSourcesBuildPhase;
			buildActionMask = 2147483647;
			files = (
				72B3B02A29A0906100B7FE38 /* ServicesTests.swift in Sources */,
			);
			runOnlyForDeploymentPostprocessing = 0;
		};
		72B3B02B29A0906200B7FE38 /* Sources */ = {
			isa = PBXSourcesBuildPhase;
			buildActionMask = 2147483647;
			files = (
				72B3B03629A0906200B7FE38 /* ServicesUITestsLaunchTests.swift in Sources */,
				72B3B03429A0906200B7FE38 /* ServicesUITests.swift in Sources */,
			);
			runOnlyForDeploymentPostprocessing = 0;
		};
/* End PBXSourcesBuildPhase section */

/* Begin PBXTargetDependency section */
		72B3B02729A0906100B7FE38 /* PBXTargetDependency */ = {
			isa = PBXTargetDependency;
			target = 72B3B00E29A0905F00B7FE38 /* Services */;
			targetProxy = 72B3B02629A0906100B7FE38 /* PBXContainerItemProxy */;
		};
		72B3B03129A0906200B7FE38 /* PBXTargetDependency */ = {
			isa = PBXTargetDependency;
			target = 72B3B00E29A0905F00B7FE38 /* Services */;
			targetProxy = 72B3B03029A0906200B7FE38 /* PBXContainerItemProxy */;
		};
/* End PBXTargetDependency section */

/* Begin PBXVariantGroup section */
		72B3B01829A0905F00B7FE38 /* Main.storyboard */ = {
			isa = PBXVariantGroup;
			children = (
				72B3B01929A0905F00B7FE38 /* Base */,
			);
			name = Main.storyboard;
			sourceTree = "<group>";
		};
		72B3B01D29A0906100B7FE38 /* LaunchScreen.storyboard */ = {
			isa = PBXVariantGroup;
			children = (
				72B3B01E29A0906100B7FE38 /* Base */,
			);
			name = LaunchScreen.storyboard;
			sourceTree = "<group>";
		};
/* End PBXVariantGroup section */

/* Begin XCBuildConfiguration section */
		72B3B03729A0906200B7FE38 /* Debug */ = {
			isa = XCBuildConfiguration;
			buildSettings = {
				ALWAYS_SEARCH_USER_PATHS = NO;
				CLANG_ANALYZER_NONNULL = YES;
				CLANG_ANALYZER_NUMBER_OBJECT_CONVERSION = YES_AGGRESSIVE;
				CLANG_CXX_LANGUAGE_STANDARD = "gnu++20";
				CLANG_ENABLE_MODULES = YES;
				CLANG_ENABLE_OBJC_ARC = YES;
				CLANG_ENABLE_OBJC_WEAK = YES;
				CLANG_WARN_BLOCK_CAPTURE_AUTORELEASING = YES;
				CLANG_WARN_BOOL_CONVERSION = YES;
				CLANG_WARN_COMMA = YES;
				CLANG_WARN_CONSTANT_CONVERSION = YES;
				CLANG_WARN_DEPRECATED_OBJC_IMPLEMENTATIONS = YES;
				CLANG_WARN_DIRECT_OBJC_ISA_USAGE = YES_ERROR;
				CLANG_WARN_DOCUMENTATION_COMMENTS = YES;
				CLANG_WARN_EMPTY_BODY = YES;
				CLANG_WARN_ENUM_CONVERSION = YES;
				CLANG_WARN_INFINITE_RECURSION = YES;
				CLANG_WARN_INT_CONVERSION = YES;
				CLANG_WARN_NON_LITERAL_NULL_CONVERSION = YES;
				CLANG_WARN_OBJC_IMPLICIT_RETAIN_SELF = YES;
				CLANG_WARN_OBJC_LITERAL_CONVERSION = YES;
				CLANG_WARN_OBJC_ROOT_CLASS = YES_ERROR;
				CLANG_WARN_QUOTED_INCLUDE_IN_FRAMEWORK_HEADER = YES;
				CLANG_WARN_RANGE_LOOP_ANALYSIS = YES;
				CLANG_WARN_STRICT_PROTOTYPES = YES;
				CLANG_WARN_SUSPICIOUS_MOVE = YES;
				CLANG_WARN_UNGUARDED_AVAILABILITY = YES_AGGRESSIVE;
				CLANG_WARN_UNREACHABLE_CODE = YES;
				CLANG_WARN__DUPLICATE_METHOD_MATCH = YES;
				COPY_PHASE_STRIP = NO;
				DEBUG_INFORMATION_FORMAT = dwarf;
				ENABLE_STRICT_OBJC_MSGSEND = YES;
				ENABLE_TESTABILITY = YES;
				GCC_C_LANGUAGE_STANDARD = gnu11;
				GCC_DYNAMIC_NO_PIC = NO;
				GCC_NO_COMMON_BLOCKS = YES;
				GCC_OPTIMIZATION_LEVEL = 0;
				GCC_PREPROCESSOR_DEFINITIONS = (
					"DEBUG=1",
					"$(inherited)",
				);
				GCC_WARN_64_TO_32_BIT_CONVERSION = YES;
				GCC_WARN_ABOUT_RETURN_TYPE = YES_ERROR;
				GCC_WARN_UNDECLARED_SELECTOR = YES;
				GCC_WARN_UNINITIALIZED_AUTOS = YES_AGGRESSIVE;
				GCC_WARN_UNUSED_FUNCTION = YES;
				GCC_WARN_UNUSED_VARIABLE = YES;
				IPHONEOS_DEPLOYMENT_TARGET = 16.2;
				MTL_ENABLE_DEBUG_INFO = INCLUDE_SOURCE;
				MTL_FAST_MATH = YES;
				ONLY_ACTIVE_ARCH = YES;
				SDKROOT = iphoneos;
				SWIFT_ACTIVE_COMPILATION_CONDITIONS = DEBUG;
				SWIFT_OPTIMIZATION_LEVEL = "-Onone";
			};
			name = Debug;
		};
		72B3B03829A0906200B7FE38 /* Release */ = {
			isa = XCBuildConfiguration;
			buildSettings = {
				ALWAYS_SEARCH_USER_PATHS = NO;
				CLANG_ANALYZER_NONNULL = YES;
				CLANG_ANALYZER_NUMBER_OBJECT_CONVERSION = YES_AGGRESSIVE;
				CLANG_CXX_LANGUAGE_STANDARD = "gnu++20";
				CLANG_ENABLE_MODULES = YES;
				CLANG_ENABLE_OBJC_ARC = YES;
				CLANG_ENABLE_OBJC_WEAK = YES;
				CLANG_WARN_BLOCK_CAPTURE_AUTORELEASING = YES;
				CLANG_WARN_BOOL_CONVERSION = YES;
				CLANG_WARN_COMMA = YES;
				CLANG_WARN_CONSTANT_CONVERSION = YES;
				CLANG_WARN_DEPRECATED_OBJC_IMPLEMENTATIONS = YES;
				CLANG_WARN_DIRECT_OBJC_ISA_USAGE = YES_ERROR;
				CLANG_WARN_DOCUMENTATION_COMMENTS = YES;
				CLANG_WARN_EMPTY_BODY = YES;
				CLANG_WARN_ENUM_CONVERSION = YES;
				CLANG_WARN_INFINITE_RECURSION = YES;
				CLANG_WARN_INT_CONVERSION = YES;
				CLANG_WARN_NON_LITERAL_NULL_CONVERSION = YES;
				CLANG_WARN_OBJC_IMPLICIT_RETAIN_SELF = YES;
				CLANG_WARN_OBJC_LITERAL_CONVERSION = YES;
				CLANG_WARN_OBJC_ROOT_CLASS = YES_ERROR;
				CLANG_WARN_QUOTED_INCLUDE_IN_FRAMEWORK_HEADER = YES;
				CLANG_WARN_RANGE_LOOP_ANALYSIS = YES;
				CLANG_WARN_STRICT_PROTOTYPES = YES;
				CLANG_WARN_SUSPICIOUS_MOVE = YES;
				CLANG_WARN_UNGUARDED_AVAILABILITY = YES_AGGRESSIVE;
				CLANG_WARN_UNREACHABLE_CODE = YES;
				CLANG_WARN__DUPLICATE_METHOD_MATCH = YES;
				COPY_PHASE_STRIP = NO;
				DEBUG_INFORMATION_FORMAT = "dwarf-with-dsym";
				ENABLE_NS_ASSERTIONS = NO;
				ENABLE_STRICT_OBJC_MSGSEND = YES;
				GCC_C_LANGUAGE_STANDARD = gnu11;
				GCC_NO_COMMON_BLOCKS = YES;
				GCC_WARN_64_TO_32_BIT_CONVERSION = YES;
				GCC_WARN_ABOUT_RETURN_TYPE = YES_ERROR;
				GCC_WARN_UNDECLARED_SELECTOR = YES;
				GCC_WARN_UNINITIALIZED_AUTOS = YES_AGGRESSIVE;
				GCC_WARN_UNUSED_FUNCTION = YES;
				GCC_WARN_UNUSED_VARIABLE = YES;
				IPHONEOS_DEPLOYMENT_TARGET = 16.2;
				MTL_ENABLE_DEBUG_INFO = NO;
				MTL_FAST_MATH = YES;
				SDKROOT = iphoneos;
				SWIFT_COMPILATION_MODE = wholemodule;
				SWIFT_OPTIMIZATION_LEVEL = "-O";
				VALIDATE_PRODUCT = YES;
			};
			name = Release;
		};
		72B3B03A29A0906200B7FE38 /* Debug */ = {
			isa = XCBuildConfiguration;
			buildSettings = {
				ASSETCATALOG_COMPILER_APPICON_NAME = AppIcon;
				ASSETCATALOG_COMPILER_GLOBAL_ACCENT_COLOR_NAME = AccentColor;
				CODE_SIGN_STYLE = Automatic;
				CURRENT_PROJECT_VERSION = 1;
				DEVELOPMENT_TEAM = 5Z87ZC4QAX;
				GENERATE_INFOPLIST_FILE = YES;
				INFOPLIST_FILE = Services/Resources/Info.plist;
				INFOPLIST_KEY_UIApplicationSupportsIndirectInputEvents = YES;
				INFOPLIST_KEY_UILaunchStoryboardName = LaunchScreen;
				INFOPLIST_KEY_UIMainStoryboardFile = Main;
				INFOPLIST_KEY_UISupportedInterfaceOrientations_iPad = "UIInterfaceOrientationPortrait UIInterfaceOrientationPortraitUpsideDown UIInterfaceOrientationLandscapeLeft UIInterfaceOrientationLandscapeRight";
				INFOPLIST_KEY_UISupportedInterfaceOrientations_iPhone = "UIInterfaceOrientationPortrait UIInterfaceOrientationLandscapeLeft UIInterfaceOrientationLandscapeRight";
				IPHONEOS_DEPLOYMENT_TARGET = 15.0;
				LD_RUNPATH_SEARCH_PATHS = (
					"$(inherited)",
					"@executable_path/Frameworks",
				);
				MARKETING_VERSION = 1.0;
				PRODUCT_BUNDLE_IDENTIFIER = IlyaVostrov.Services;
				PRODUCT_NAME = "$(TARGET_NAME)";
				SWIFT_EMIT_LOC_STRINGS = YES;
				SWIFT_VERSION = 5.0;
				TARGETED_DEVICE_FAMILY = "1,2";
			};
			name = Debug;
		};
		72B3B03B29A0906200B7FE38 /* Release */ = {
			isa = XCBuildConfiguration;
			buildSettings = {
				ASSETCATALOG_COMPILER_APPICON_NAME = AppIcon;
				ASSETCATALOG_COMPILER_GLOBAL_ACCENT_COLOR_NAME = AccentColor;
				CODE_SIGN_STYLE = Automatic;
				CURRENT_PROJECT_VERSION = 1;
				DEVELOPMENT_TEAM = 5Z87ZC4QAX;
				GENERATE_INFOPLIST_FILE = YES;
				INFOPLIST_FILE = Services/Resources/Info.plist;
				INFOPLIST_KEY_UIApplicationSupportsIndirectInputEvents = YES;
				INFOPLIST_KEY_UILaunchStoryboardName = LaunchScreen;
				INFOPLIST_KEY_UIMainStoryboardFile = Main;
				INFOPLIST_KEY_UISupportedInterfaceOrientations_iPad = "UIInterfaceOrientationPortrait UIInterfaceOrientationPortraitUpsideDown UIInterfaceOrientationLandscapeLeft UIInterfaceOrientationLandscapeRight";
				INFOPLIST_KEY_UISupportedInterfaceOrientations_iPhone = "UIInterfaceOrientationPortrait UIInterfaceOrientationLandscapeLeft UIInterfaceOrientationLandscapeRight";
				IPHONEOS_DEPLOYMENT_TARGET = 15.0;
				LD_RUNPATH_SEARCH_PATHS = (
					"$(inherited)",
					"@executable_path/Frameworks",
				);
				MARKETING_VERSION = 1.0;
				PRODUCT_BUNDLE_IDENTIFIER = IlyaVostrov.Services;
				PRODUCT_NAME = "$(TARGET_NAME)";
				SWIFT_EMIT_LOC_STRINGS = YES;
				SWIFT_VERSION = 5.0;
				TARGETED_DEVICE_FAMILY = "1,2";
			};
			name = Release;
		};
		72B3B03D29A0906200B7FE38 /* Debug */ = {
			isa = XCBuildConfiguration;
			buildSettings = {
				ALWAYS_EMBED_SWIFT_STANDARD_LIBRARIES = YES;
				BUNDLE_LOADER = "$(TEST_HOST)";
				CODE_SIGN_STYLE = Automatic;
				CURRENT_PROJECT_VERSION = 1;
				DEVELOPMENT_TEAM = 5Z87ZC4QAX;
				GENERATE_INFOPLIST_FILE = YES;
				IPHONEOS_DEPLOYMENT_TARGET = 16.2;
				MARKETING_VERSION = 1.0;
				PRODUCT_BUNDLE_IDENTIFIER = IlyaVostrov.ServicesTests;
				PRODUCT_NAME = "$(TARGET_NAME)";
				SWIFT_EMIT_LOC_STRINGS = NO;
				SWIFT_VERSION = 5.0;
				TARGETED_DEVICE_FAMILY = "1,2";
				TEST_HOST = "$(BUILT_PRODUCTS_DIR)/Services.app/$(BUNDLE_EXECUTABLE_FOLDER_PATH)/Services";
			};
			name = Debug;
		};
		72B3B03E29A0906200B7FE38 /* Release */ = {
			isa = XCBuildConfiguration;
			buildSettings = {
				ALWAYS_EMBED_SWIFT_STANDARD_LIBRARIES = YES;
				BUNDLE_LOADER = "$(TEST_HOST)";
				CODE_SIGN_STYLE = Automatic;
				CURRENT_PROJECT_VERSION = 1;
				DEVELOPMENT_TEAM = 5Z87ZC4QAX;
				GENERATE_INFOPLIST_FILE = YES;
				IPHONEOS_DEPLOYMENT_TARGET = 16.2;
				MARKETING_VERSION = 1.0;
				PRODUCT_BUNDLE_IDENTIFIER = IlyaVostrov.ServicesTests;
				PRODUCT_NAME = "$(TARGET_NAME)";
				SWIFT_EMIT_LOC_STRINGS = NO;
				SWIFT_VERSION = 5.0;
				TARGETED_DEVICE_FAMILY = "1,2";
				TEST_HOST = "$(BUILT_PRODUCTS_DIR)/Services.app/$(BUNDLE_EXECUTABLE_FOLDER_PATH)/Services";
			};
			name = Release;
		};
		72B3B04029A0906200B7FE38 /* Debug */ = {
			isa = XCBuildConfiguration;
			buildSettings = {
				ALWAYS_EMBED_SWIFT_STANDARD_LIBRARIES = YES;
				CODE_SIGN_STYLE = Automatic;
				CURRENT_PROJECT_VERSION = 1;
				DEVELOPMENT_TEAM = 5Z87ZC4QAX;
				GENERATE_INFOPLIST_FILE = YES;
				MARKETING_VERSION = 1.0;
				PRODUCT_BUNDLE_IDENTIFIER = IlyaVostrov.ServicesUITests;
				PRODUCT_NAME = "$(TARGET_NAME)";
				SWIFT_EMIT_LOC_STRINGS = NO;
				SWIFT_VERSION = 5.0;
				TARGETED_DEVICE_FAMILY = "1,2";
				TEST_TARGET_NAME = Services;
			};
			name = Debug;
		};
		72B3B04129A0906200B7FE38 /* Release */ = {
			isa = XCBuildConfiguration;
			buildSettings = {
				ALWAYS_EMBED_SWIFT_STANDARD_LIBRARIES = YES;
				CODE_SIGN_STYLE = Automatic;
				CURRENT_PROJECT_VERSION = 1;
				DEVELOPMENT_TEAM = 5Z87ZC4QAX;
				GENERATE_INFOPLIST_FILE = YES;
				MARKETING_VERSION = 1.0;
				PRODUCT_BUNDLE_IDENTIFIER = IlyaVostrov.ServicesUITests;
				PRODUCT_NAME = "$(TARGET_NAME)";
				SWIFT_EMIT_LOC_STRINGS = NO;
				SWIFT_VERSION = 5.0;
				TARGETED_DEVICE_FAMILY = "1,2";
				TEST_TARGET_NAME = Services;
			};
			name = Release;
		};
/* End XCBuildConfiguration section */

/* Begin XCConfigurationList section */
		72B3B00A29A0905F00B7FE38 /* Build configuration list for PBXProject "Services" */ = {
			isa = XCConfigurationList;
			buildConfigurations = (
				72B3B03729A0906200B7FE38 /* Debug */,
				72B3B03829A0906200B7FE38 /* Release */,
			);
			defaultConfigurationIsVisible = 0;
			defaultConfigurationName = Release;
		};
		72B3B03929A0906200B7FE38 /* Build configuration list for PBXNativeTarget "Services" */ = {
			isa = XCConfigurationList;
			buildConfigurations = (
				72B3B03A29A0906200B7FE38 /* Debug */,
				72B3B03B29A0906200B7FE38 /* Release */,
			);
			defaultConfigurationIsVisible = 0;
			defaultConfigurationName = Release;
		};
		72B3B03C29A0906200B7FE38 /* Build configuration list for PBXNativeTarget "ServicesTests" */ = {
			isa = XCConfigurationList;
			buildConfigurations = (
				72B3B03D29A0906200B7FE38 /* Debug */,
				72B3B03E29A0906200B7FE38 /* Release */,
			);
			defaultConfigurationIsVisible = 0;
			defaultConfigurationName = Release;
		};
		72B3B03F29A0906200B7FE38 /* Build configuration list for PBXNativeTarget "ServicesUITests" */ = {
			isa = XCConfigurationList;
			buildConfigurations = (
				72B3B04029A0906200B7FE38 /* Debug */,
				72B3B04129A0906200B7FE38 /* Release */,
			);
			defaultConfigurationIsVisible = 0;
			defaultConfigurationName = Release;
		};
/* End XCConfigurationList section */

/* Begin XCRemoteSwiftPackageReference section */
		72B3B04B29A0994200B7FE38 /* XCRemoteSwiftPackageReference "SDWebImage" */ = {
			isa = XCRemoteSwiftPackageReference;
			repositoryURL = "https://github.com/SDWebImage/SDWebImage";
			requirement = {
				kind = upToNextMajorVersion;
				minimumVersion = 5.0.0;
			};
		};
/* End XCRemoteSwiftPackageReference section */

/* Begin XCSwiftPackageProductDependency section */
		72B3B04C29A0994200B7FE38 /* SDWebImage */ = {
			isa = XCSwiftPackageProductDependency;
			package = 72B3B04B29A0994200B7FE38 /* XCRemoteSwiftPackageReference "SDWebImage" */;
			productName = SDWebImage;
		};
/* End XCSwiftPackageProductDependency section */
	};
	rootObject = 72B3B00729A0905F00B7FE38 /* Project object */;
}
